
Microsoft Visual Studio Solution File, Format Version 12.00
# Visual Studio 15
VisualStudioVersion = 15.0.27130.2024
MinimumVisualStudioVersion = 10.0.40219.1
Project("{FAE04EC0-301F-11D3-BF4B-00C04F79EFBC}") = "ExemploLogCore", "ExemploLogCore\ExemploLogCore.csproj", "{9E266F63-1F97-4DEC-A3DC-6B0569B8C996}"
EndProject
Global
	GlobalSection(SolutionConfigurationPlatforms) = preSolution
		Debug|Any CPU = Debug|Any CPU
		Release|Any CPU = Release|Any CPU
	EndGlobalSection
	GlobalSection(ProjectConfigurationPlatforms) = postSolution
		{9E266F63-1F97-4DEC-A3DC-6B0569B8C996}.Debug|Any CPU.ActiveCfg = Debug|Any CPU
		{9E266F63-1F97-4DEC-A3DC-6B0569B8C996}.Debug|Any CPU.Build.0 = Debug|Any CPU
		{9E266F63-1F97-4DEC-A3DC-6B0569B8C996}.Release|Any CPU.ActiveCfg = Release|Any CPU
		{9E266F63-1F97-4DEC-A3DC-6B0569B8C996}.Release|Any CPU.Build.0 = Release|Any CPU
	EndGlobalSection
	GlobalSection(SolutionProperties) = preSolution
		HideSolutionNode = FALSE
	EndGlobalSection
	GlobalSection(ExtensibilityGlobals) = postSolution
		SolutionGuid = {4BE76CF9-BA23-4C84-9D84-E9D3F9042ADC}
	EndGlobalSection
EndGlobal
